
Microsoft Visual Studio Solution File, Format Version 12.00
# Visual Studio Version 17
VisualStudioVersion = 17.7.34024.191
MinimumVisualStudioVersion = 10.0.40219.1
Project("{FAE04EC0-301F-11D3-BF4B-00C04F79EFBC}") = "Listas_ForEach", "Listas_ForEach\Listas_ForEach.csproj", "{191FFF31-9267-48F2-8DCC-799CE78F8790}"
EndProject
Global
	GlobalSection(SolutionConfigurationPlatforms) = preSolution
		Debug|Any CPU = Debug|Any CPU
		Release|Any CPU = Release|Any CPU
	EndGlobalSection
	GlobalSection(ProjectConfigurationPlatforms) = postSolution
		{191FFF31-9267-48F2-8DCC-799CE78F8790}.Debug|Any CPU.ActiveCfg = Debug|Any CPU
		{191FFF31-9267-48F2-8DCC-799CE78F8790}.Debug|Any CPU.Build.0 = Debug|Any CPU
		{191FFF31-9267-48F2-8DCC-799CE78F8790}.Release|Any CPU.ActiveCfg = Release|Any CPU
		{191FFF31-9267-48F2-8DCC-799CE78F8790}.Release|Any CPU.Build.0 = Release|Any CPU
	EndGlobalSection
	GlobalSection(SolutionProperties) = preSolution
		HideSolutionNode = FALSE
	EndGlobalSection
	GlobalSection(ExtensibilityGlobals) = postSolution
		SolutionGuid = {1DC8E3DE-08F3-43A0-AF95-992C0217BBE1}
	EndGlobalSection
EndGlobal
